
Microsoft Visual Studio Solution File, Format Version 12.00
# Visual Studio Version 17
VisualStudioVersion = 17.10.35004.147
MinimumVisualStudioVersion = 10.0.40219.1
Project("{FAE04EC0-301F-11D3-BF4B-00C04F79EFBC}") = "LSG.Infrastructure.Framework", "Framework\LSG.Infrastructure.Framework.csproj", "{6BBCB236-644D-49EC-BFE1-80A0C03D0A71}"
EndProject
Project("{FAE04EC0-301F-11D3-BF4B-00C04F79EFBC}") = "Consumer", "Consumer\Consumer.csproj", "{9128FD3D-8EFB-444E-B50D-BDB26DA13936}"
EndProject
Global
	GlobalSection(SolutionConfigurationPlatforms) = preSolution
		Debug|Any CPU = Debug|Any CPU
		Release|Any CPU = Release|Any CPU
	EndGlobalSection
	GlobalSection(ProjectConfigurationPlatforms) = postSolution
		{6BBCB236-644D-49EC-BFE1-80A0C03D0A71}.Debug|Any CPU.ActiveCfg = Debug|Any CPU
		{6BBCB236-644D-49EC-BFE1-80A0C03D0A71}.Debug|Any CPU.Build.0 = Debug|Any CPU
		{6BBCB236-644D-49EC-BFE1-80A0C03D0A71}.Release|Any CPU.ActiveCfg = Release|Any CPU
		{6BBCB236-644D-49EC-BFE1-80A0C03D0A71}.Release|Any CPU.Build.0 = Release|Any CPU
		{9128FD3D-8EFB-444E-B50D-BDB26DA13936}.Debug|Any CPU.ActiveCfg = Debug|Any CPU
		{9128FD3D-8EFB-444E-B50D-BDB26DA13936}.Debug|Any CPU.Build.0 = Debug|Any CPU
		{9128FD3D-8EFB-444E-B50D-BDB26DA13936}.Release|Any CPU.ActiveCfg = Release|Any CPU
		{9128FD3D-8EFB-444E-B50D-BDB26DA13936}.Release|Any CPU.Build.0 = Release|Any CPU
	EndGlobalSection
	GlobalSection(SolutionProperties) = preSolution
		HideSolutionNode = FALSE
	EndGlobalSection
	GlobalSection(ExtensibilityGlobals) = postSolution
		SolutionGuid = {B543109D-0F44-4FF3-96AD-303DEB439B2A}
	EndGlobalSection
EndGlobal
